// !$*UTF8*$!
{
	archiveVersion = 1;
	classes = {
	};
	objectVersion = 46;
	objects = {

/* Begin PBXBuildFile section */
		049FD4851B60B80400FAD3DF /* checker.png in Resources */ = {isa = PBXBuildFile; fileRef = 049FD4841B60B80400FAD3DF /* checker.png */; };
		049FD4871B60D8BF00FAD3DF /* phong.fsh in Resources */ = {isa = PBXBuildFile; fileRef = 049FD4861B60D8BE00FAD3DF /* phong.fsh */; };
		049FD4891B60D8CA00FAD3DF /* pong.vsh in Resources */ = {isa = PBXBuildFile; fileRef = 049FD4881B60D8CA00FAD3DF /* pong.vsh */; };
		04B334CC1B5F50A500DB8879 /* Foundation.framework in Frameworks */ = {isa = PBXBuildFile; fileRef = 04B334CB1B5F50A500DB8879 /* Foundation.framework */; };
		04B334CE1B5F50A500DB8879 /* CoreGraphics.framework in Frameworks */ = {isa = PBXBuildFile; fileRef = 04B334CD1B5F50A500DB8879 /* CoreGraphics.framework */; };
		04B334D01B5F50A500DB8879 /* UIKit.framework in Frameworks */ = {isa = PBXBuildFile; fileRef = 04B334CF1B5F50A500DB8879 /* UIKit.framework */; };
		04B334D61B5F50A500DB8879 /* InfoPlist.strings in Resources */ = {isa = PBXBuildFile; fileRef = 04B334D41B5F50A500DB8879 /* InfoPlist.strings */; };
		04B334D81B5F50A500DB8879 /* main.m in Sources */ = {isa = PBXBuildFile; fileRef = 04B334D71B5F50A500DB8879 /* main.m */; };
		04B334DC1B5F50A500DB8879 /* AppDelegate.m in Sources */ = {isa = PBXBuildFile; fileRef = 04B334DB1B5F50A500DB8879 /* AppDelegate.m */; };
		04B334E41B5F50A500DB8879 /* Images.xcassets in Resources */ = {isa = PBXBuildFile; fileRef = 04B334E31B5F50A500DB8879 /* Images.xcassets */; };
		04B334EB1B5F50A500DB8879 /* XCTest.framework in Frameworks */ = {isa = PBXBuildFile; fileRef = 04B334EA1B5F50A500DB8879 /* XCTest.framework */; };
		04B334EC1B5F50A600DB8879 /* Foundation.framework in Frameworks */ = {isa = PBXBuildFile; fileRef = 04B334CB1B5F50A500DB8879 /* Foundation.framework */; };
		04B334ED1B5F50A600DB8879 /* UIKit.framework in Frameworks */ = {isa = PBXBuildFile; fileRef = 04B334CF1B5F50A500DB8879 /* UIKit.framework */; };
		04B334F51B5F50A600DB8879 /* InfoPlist.strings in Resources */ = {isa = PBXBuildFile; fileRef = 04B334F31B5F50A600DB8879 /* InfoPlist.strings */; };
		04B334F71B5F50A600DB8879 /* IOS_OpengGL_Test2Tests.m in Sources */ = {isa = PBXBuildFile; fileRef = 04B334F61B5F50A600DB8879 /* IOS_OpengGL_Test2Tests.m */; };
		04B335021B5F5AA200DB8879 /* GLProgram.m in Sources */ = {isa = PBXBuildFile; fileRef = 04B335011B5F5AA200DB8879 /* GLProgram.m */; };
		04B335081B5F5BFD00DB8879 /* GLView.m in Sources */ = {isa = PBXBuildFile; fileRef = 04B335051B5F5BFD00DB8879 /* GLView.m */; };
		04B335091B5F5BFD00DB8879 /* GLViewController.m in Sources */ = {isa = PBXBuildFile; fileRef = 04B335071B5F5BFD00DB8879 /* GLViewController.m */; };
		04B3350C1B5F5C2B00DB8879 /* GLTexture.m in Sources */ = {isa = PBXBuildFile; fileRef = 04B3350B1B5F5C2B00DB8879 /* GLTexture.m */; };
		04B335101B5F5C6800DB8879 /* DieTexture.png in Resources */ = {isa = PBXBuildFile; fileRef = 04B3350D1B5F5C6700DB8879 /* DieTexture.png */; };
		04B335111B5F5C6800DB8879 /* Shader.fsh in Resources */ = {isa = PBXBuildFile; fileRef = 04B3350E1B5F5C6700DB8879 /* Shader.fsh */; };
		04B335121B5F5C6800DB8879 /* Shader.vsh in Resources */ = {isa = PBXBuildFile; fileRef = 04B3350F1B5F5C6700DB8879 /* Shader.vsh */; };
		04B335141B5F5FDF00DB8879 /* GLViewController.xib in Resources */ = {isa = PBXBuildFile; fileRef = 04B335131B5F5FDF00DB8879 /* GLViewController.xib */; };
/* End PBXBuildFile section */

/* Begin PBXContainerItemProxy section */
		04B334EE1B5F50A600DB8879 /* PBXContainerItemProxy */ = {
			isa = PBXContainerItemProxy;
			containerPortal = 04B334C01B5F50A400DB8879 /* Project object */;
			proxyType = 1;
			remoteGlobalIDString = 04B334C71B5F50A500DB8879;
			remoteInfo = IOS_OpengGL_Test2;
		};
/* End PBXContainerItemProxy section */

/* Begin PBXFileReference section */
		049FD4841B60B80400FAD3DF /* checker.png */ = {isa = PBXFileReference; lastKnownFileType = image.png; path = checker.png; sourceTree = "<group>"; };
		049FD4861B60D8BE00FAD3DF /* phong.fsh */ = {isa = PBXFileReference; fileEncoding = 4; lastKnownFileType = sourcecode.glsl; path = phong.fsh; sourceTree = "<group>"; };
		049FD4881B60D8CA00FAD3DF /* pong.vsh */ = {isa = PBXFileReference; fileEncoding = 4; lastKnownFileType = sourcecode.glsl; path = pong.vsh; sourceTree = "<group>"; };
		04B334C81B5F50A500DB8879 /* IOS_OpengGL_Test2.app */ = {isa = PBXFileReference; explicitFileType = wrapper.application; includeInIndex = 0; path = IOS_OpengGL_Test2.app; sourceTree = BUILT_PRODUCTS_DIR; };
		04B334CB1B5F50A500DB8879 /* Foundation.framework */ = {isa = PBXFileReference; lastKnownFileType = wrapper.framework; name = Foundation.framework; path = System/Library/Frameworks/Foundation.framework; sourceTree = SDKROOT; };
		04B334CD1B5F50A500DB8879 /* CoreGraphics.framework */ = {isa = PBXFileReference; lastKnownFileType = wrapper.framework; name = CoreGraphics.framework; path = System/Library/Frameworks/CoreGraphics.framework; sourceTree = SDKROOT; };
		04B334CF1B5F50A500DB8879 /* UIKit.framework */ = {isa = PBXFileReference; lastKnownFileType = wrapper.framework; name = UIKit.framework; path = System/Library/Frameworks/UIKit.framework; sourceTree = SDKROOT; };
		04B334D31B5F50A500DB8879 /* IOS_OpengGL_Test2-Info.plist */ = {isa = PBXFileReference; lastKnownFileType = text.plist.xml; path = "IOS_OpengGL_Test2-Info.plist"; sourceTree = "<group>"; };
		04B334D51B5F50A500DB8879 /* en */ = {isa = PBXFileReference; lastKnownFileType = text.plist.strings; name = en; path = en.lproj/InfoPlist.strings; sourceTree = "<group>"; };
		04B334D71B5F50A500DB8879 /* main.m */ = {isa = PBXFileReference; lastKnownFileType = sourcecode.c.objc; path = main.m; sourceTree = "<group>"; };
		04B334D91B5F50A500DB8879 /* IOS_OpengGL_Test2-Prefix.pch */ = {isa = PBXFileReference; lastKnownFileType = sourcecode.c.h; path = "IOS_OpengGL_Test2-Prefix.pch"; sourceTree = "<group>"; };
		04B334DA1B5F50A500DB8879 /* AppDelegate.h */ = {isa = PBXFileReference; lastKnownFileType = sourcecode.c.h; path = AppDelegate.h; sourceTree = "<group>"; };
		04B334DB1B5F50A500DB8879 /* AppDelegate.m */ = {isa = PBXFileReference; lastKnownFileType = sourcecode.c.objc; path = AppDelegate.m; sourceTree = "<group>"; };
		04B334E31B5F50A500DB8879 /* Images.xcassets */ = {isa = PBXFileReference; lastKnownFileType = folder.assetcatalog; path = Images.xcassets; sourceTree = "<group>"; };
		04B334E91B5F50A500DB8879 /* IOS_OpengGL_Test2Tests.xctest */ = {isa = PBXFileReference; explicitFileType = wrapper.cfbundle; includeInIndex = 0; path = IOS_OpengGL_Test2Tests.xctest; sourceTree = BUILT_PRODUCTS_DIR; };
		04B334EA1B5F50A500DB8879 /* XCTest.framework */ = {isa = PBXFileReference; lastKnownFileType = wrapper.framework; name = XCTest.framework; path = Library/Frameworks/XCTest.framework; sourceTree = DEVELOPER_DIR; };
		04B334F21B5F50A600DB8879 /* IOS_OpengGL_Test2Tests-Info.plist */ = {isa = PBXFileReference; lastKnownFileType = text.plist.xml; path = "IOS_OpengGL_Test2Tests-Info.plist"; sourceTree = "<group>"; };
		04B334F41B5F50A600DB8879 /* en */ = {isa = PBXFileReference; lastKnownFileType = text.plist.strings; name = en; path = en.lproj/InfoPlist.strings; sourceTree = "<group>"; };
		04B334F61B5F50A600DB8879 /* IOS_OpengGL_Test2Tests.m */ = {isa = PBXFileReference; lastKnownFileType = sourcecode.c.objc; path = IOS_OpengGL_Test2Tests.m; sourceTree = "<group>"; };
		04B335001B5F5AA200DB8879 /* GLProgram.h */ = {isa = PBXFileReference; fileEncoding = 4; lastKnownFileType = sourcecode.c.h; path = GLProgram.h; sourceTree = "<group>"; };
		04B335011B5F5AA200DB8879 /* GLProgram.m */ = {isa = PBXFileReference; fileEncoding = 4; lastKnownFileType = sourcecode.c.objc; path = GLProgram.m; sourceTree = "<group>"; };
		04B335031B5F5BFD00DB8879 /* GLCommon.h */ = {isa = PBXFileReference; fileEncoding = 4; lastKnownFileType = sourcecode.c.h; path = GLCommon.h; sourceTree = "<group>"; };
		04B335041B5F5BFD00DB8879 /* GLView.h */ = {isa = PBXFileReference; fileEncoding = 4; lastKnownFileType = sourcecode.c.h; path = GLView.h; sourceTree = "<group>"; };
		04B335051B5F5BFD00DB8879 /* GLView.m */ = {isa = PBXFileReference; fileEncoding = 4; lastKnownFileType = sourcecode.c.objc; path = GLView.m; sourceTree = "<group>"; };
		04B335061B5F5BFD00DB8879 /* GLViewController.h */ = {isa = PBXFileReference; fileEncoding = 4; lastKnownFileType = sourcecode.c.h; path = GLViewController.h; sourceTree = "<group>"; };
		04B335071B5F5BFD00DB8879 /* GLViewController.m */ = {isa = PBXFileReference; fileEncoding = 4; lastKnownFileType = sourcecode.c.objc; path = GLViewController.m; sourceTree = "<group>"; };
		04B3350A1B5F5C2B00DB8879 /* GLTexture.h */ = {isa = PBXFileReference; fileEncoding = 4; lastKnownFileType = sourcecode.c.h; path = GLTexture.h; sourceTree = "<group>"; };
		04B3350B1B5F5C2B00DB8879 /* GLTexture.m */ = {isa = PBXFileReference; fileEncoding = 4; lastKnownFileType = sourcecode.c.objc; path = GLTexture.m; sourceTree = "<group>"; };
		04B3350D1B5F5C6700DB8879 /* DieTexture.png */ = {isa = PBXFileReference; lastKnownFileType = image.png; path = DieTexture.png; sourceTree = "<group>"; };
		04B3350E1B5F5C6700DB8879 /* Shader.fsh */ = {isa = PBXFileReference; fileEncoding = 4; lastKnownFileType = sourcecode.glsl; path = Shader.fsh; sourceTree = "<group>"; };
		04B3350F1B5F5C6700DB8879 /* Shader.vsh */ = {isa = PBXFileReference; fileEncoding = 4; lastKnownFileType = sourcecode.glsl; path = Shader.vsh; sourceTree = "<group>"; };
		04B335131B5F5FDF00DB8879 /* GLViewController.xib */ = {isa = PBXFileReference; fileEncoding = 4; lastKnownFileType = file.xib; path = GLViewController.xib; sourceTree = "<group>"; };
/* End PBXFileReference section */

/* Begin PBXFrameworksBuildPhase section */
		04B334C51B5F50A500DB8879 /* Frameworks */ = {
			isa = PBXFrameworksBuildPhase;
			buildActionMask = 2147483647;
			files = (
				04B334CE1B5F50A500DB8879 /* CoreGraphics.framework in Frameworks */,
				04B334D01B5F50A500DB8879 /* UIKit.framework in Frameworks */,
				04B334CC1B5F50A500DB8879 /* Foundation.framework in Frameworks */,
			);
			runOnlyForDeploymentPostprocessing = 0;
		};
		04B334E61B5F50A500DB8879 /* Frameworks */ = {
			isa = PBXFrameworksBuildPhase;
			buildActionMask = 2147483647;
			files = (
				04B334EB1B5F50A500DB8879 /* XCTest.framework in Frameworks */,
				04B334ED1B5F50A600DB8879 /* UIKit.framework in Frameworks */,
				04B334EC1B5F50A600DB8879 /* Foundation.framework in Frameworks */,
			);
			runOnlyForDeploymentPostprocessing = 0;
		};
/* End PBXFrameworksBuildPhase section */

/* Begin PBXGroup section */
		04B334BF1B5F50A400DB8879 = {
			isa = PBXGroup;
			children = (
				049FD4881B60D8CA00FAD3DF /* pong.vsh */,
				049FD4861B60D8BE00FAD3DF /* phong.fsh */,
				04B334D11B5F50A500DB8879 /* IOS_OpengGL_Test2 */,
				04B334F01B5F50A600DB8879 /* IOS_OpengGL_Test2Tests */,
				04B334CA1B5F50A500DB8879 /* Frameworks */,
				04B334C91B5F50A500DB8879 /* Products */,
			);
			sourceTree = "<group>";
		};
		04B334C91B5F50A500DB8879 /* Products */ = {
			isa = PBXGroup;
			children = (
				04B334C81B5F50A500DB8879 /* IOS_OpengGL_Test2.app */,
				04B334E91B5F50A500DB8879 /* IOS_OpengGL_Test2Tests.xctest */,
			);
			name = Products;
			sourceTree = "<group>";
		};
		04B334CA1B5F50A500DB8879 /* Frameworks */ = {
			isa = PBXGroup;
			children = (
				04B334CB1B5F50A500DB8879 /* Foundation.framework */,
				04B334CD1B5F50A500DB8879 /* CoreGraphics.framework */,
				04B334CF1B5F50A500DB8879 /* UIKit.framework */,
				04B334EA1B5F50A500DB8879 /* XCTest.framework */,
			);
			name = Frameworks;
			sourceTree = "<group>";
		};
		04B334D11B5F50A500DB8879 /* IOS_OpengGL_Test2 */ = {
			isa = PBXGroup;
			children = (
				049FD4841B60B80400FAD3DF /* checker.png */,
				04B334DA1B5F50A500DB8879 /* AppDelegate.h */,
				04B334DB1B5F50A500DB8879 /* AppDelegate.m */,
				04B3350A1B5F5C2B00DB8879 /* GLTexture.h */,
				04B3350B1B5F5C2B00DB8879 /* GLTexture.m */,
				04B335031B5F5BFD00DB8879 /* GLCommon.h */,
				04B335041B5F5BFD00DB8879 /* GLView.h */,
				04B335051B5F5BFD00DB8879 /* GLView.m */,
				04B335061B5F5BFD00DB8879 /* GLViewController.h */,
				04B335071B5F5BFD00DB8879 /* GLViewController.m */,
				04B335131B5F5FDF00DB8879 /* GLViewController.xib */,
				04B335001B5F5AA200DB8879 /* GLProgram.h */,
				04B335011B5F5AA200DB8879 /* GLProgram.m */,
				04B3350D1B5F5C6700DB8879 /* DieTexture.png */,
				04B3350E1B5F5C6700DB8879 /* Shader.fsh */,
				04B3350F1B5F5C6700DB8879 /* Shader.vsh */,
				04B334E31B5F50A500DB8879 /* Images.xcassets */,
				04B334D21B5F50A500DB8879 /* Supporting Files */,
			);
			path = IOS_OpengGL_Test2;
			sourceTree = "<group>";
		};
		04B334D21B5F50A500DB8879 /* Supporting Files */ = {
			isa = PBXGroup;
			children = (
				04B334D31B5F50A500DB8879 /* IOS_OpengGL_Test2-Info.plist */,
				04B334D41B5F50A500DB8879 /* InfoPlist.strings */,
				04B334D71B5F50A500DB8879 /* main.m */,
				04B334D91B5F50A500DB8879 /* IOS_OpengGL_Test2-Prefix.pch */,
			);
			name = "Supporting Files";
			sourceTree = "<group>";
		};
		04B334F01B5F50A600DB8879 /* IOS_OpengGL_Test2Tests */ = {
			isa = PBXGroup;
			children = (
				04B334F61B5F50A600DB8879 /* IOS_OpengGL_Test2Tests.m */,
				04B334F11B5F50A600DB8879 /* Supporting Files */,
			);
			path = IOS_OpengGL_Test2Tests;
			sourceTree = "<group>";
		};
		04B334F11B5F50A600DB8879 /* Supporting Files */ = {
			isa = PBXGroup;
			children = (
				04B334F21B5F50A600DB8879 /* IOS_OpengGL_Test2Tests-Info.plist */,
				04B334F31B5F50A600DB8879 /* InfoPlist.strings */,
			);
			name = "Supporting Files";
			sourceTree = "<group>";
		};
/* End PBXGroup section */

/* Begin PBXNativeTarget section */
		04B334C71B5F50A500DB8879 /* IOS_OpengGL_Test2 */ = {
			isa = PBXNativeTarget;
			buildConfigurationList = 04B334FA1B5F50A600DB8879 /* Build configuration list for PBXNativeTarget "IOS_OpengGL_Test2" */;
			buildPhases = (
				04B334C41B5F50A500DB8879 /* Sources */,
				04B334C51B5F50A500DB8879 /* Frameworks */,
				04B334C61B5F50A500DB8879 /* Resources */,
			);
			buildRules = (
			);
			dependencies = (
			);
			name = IOS_OpengGL_Test2;
			productName = IOS_OpengGL_Test2;
			productReference = 04B334C81B5F50A500DB8879 /* IOS_OpengGL_Test2.app */;
			productType = "com.apple.product-type.application";
		};
		04B334E81B5F50A500DB8879 /* IOS_OpengGL_Test2Tests */ = {
			isa = PBXNativeTarget;
			buildConfigurationList = 04B334FD1B5F50A600DB8879 /* Build configuration list for PBXNativeTarget "IOS_OpengGL_Test2Tests" */;
			buildPhases = (
				04B334E51B5F50A500DB8879 /* Sources */,
				04B334E61B5F50A500DB8879 /* Frameworks */,
				04B334E71B5F50A500DB8879 /* Resources */,
			);
			buildRules = (
			);
			dependencies = (
				04B334EF1B5F50A600DB8879 /* PBXTargetDependency */,
			);
			name = IOS_OpengGL_Test2Tests;
			productName = IOS_OpengGL_Test2Tests;
			productReference = 04B334E91B5F50A500DB8879 /* IOS_OpengGL_Test2Tests.xctest */;
			productType = "com.apple.product-type.bundle.unit-test";
		};
/* End PBXNativeTarget section */

/* Begin PBXProject section */
		04B334C01B5F50A400DB8879 /* Project object */ = {
			isa = PBXProject;
			attributes = {
				LastUpgradeCheck = 0510;
				ORGANIZATIONNAME = flip;
				TargetAttributes = {
					04B334E81B5F50A500DB8879 = {
						TestTargetID = 04B334C71B5F50A500DB8879;
					};
				};
			};
			buildConfigurationList = 04B334C31B5F50A500DB8879 /* Build configuration list for PBXProject "IOS_OpengGL_Test2" */;
			compatibilityVersion = "Xcode 3.2";
			developmentRegion = English;
			hasScannedForEncodings = 0;
			knownRegions = (
				en,
				Base,
			);
			mainGroup = 04B334BF1B5F50A400DB8879;
			productRefGroup = 04B334C91B5F50A500DB8879 /* Products */;
			projectDirPath = "";
			projectRoot = "";
			targets = (
				04B334C71B5F50A500DB8879 /* IOS_OpengGL_Test2 */,
				04B334E81B5F50A500DB8879 /* IOS_OpengGL_Test2Tests */,
			);
		};
/* End PBXProject section */

/* Begin PBXResourcesBuildPhase section */
		04B334C61B5F50A500DB8879 /* Resources */ = {
			isa = PBXResourcesBuildPhase;
			buildActionMask = 2147483647;
			files = (
				049FD4891B60D8CA00FAD3DF /* pong.vsh in Resources */,
				04B335101B5F5C6800DB8879 /* DieTexture.png in Resources */,
				04B334E41B5F50A500DB8879 /* Images.xcassets in Resources */,
				04B335121B5F5C6800DB8879 /* Shader.vsh in Resources */,
				04B334D61B5F50A500DB8879 /* InfoPlist.strings in Resources */,
				049FD4871B60D8BF00FAD3DF /* phong.fsh in Resources */,
				049FD4851B60B80400FAD3DF /* checker.png in Resources */,
				04B335111B5F5C6800DB8879 /* Shader.fsh in Resources */,
				04B335141B5F5FDF00DB8879 /* GLViewController.xib in Resources */,
			);
			runOnlyForDeploymentPostprocessing = 0;
		};
		04B334E71B5F50A500DB8879 /* Resources */ = {
			isa = PBXResourcesBuildPhase;
			buildActionMask = 2147483647;
			files = (
				04B334F51B5F50A600DB8879 /* InfoPlist.strings in Resources */,
			);
			runOnlyForDeploymentPostprocessing = 0;
		};
/* End PBXResourcesBuildPhase section */

/* Begin PBXSourcesBuildPhase section */
		04B334C41B5F50A500DB8879 /* Sources */ = {
			isa = PBXSourcesBuildPhase;
			buildActionMask = 2147483647;
			files = (
				04B335091B5F5BFD00DB8879 /* GLViewController.m in Sources */,
				04B335021B5F5AA200DB8879 /* GLProgram.m in Sources */,
				04B3350C1B5F5C2B00DB8879 /* GLTexture.m in Sources */,
				04B334DC1B5F50A500DB8879 /* AppDelegate.m in Sources */,
				04B334D81B5F50A500DB8879 /* main.m in Sources */,
				04B335081B5F5BFD00DB8879 /* GLView.m in Sources */,
			);
			runOnlyForDeploymentPostprocessing = 0;
		};
		04B334E51B5F50A500DB8879 /* Sources */ = {
			isa = PBXSourcesBuildPhase;
			buildActionMask = 2147483647;
			files = (
				04B334F71B5F50A600DB8879 /* IOS_OpengGL_Test2Tests.m in Sources */,
			);
			runOnlyForDeploymentPostprocessing = 0;
		};
/* End PBXSourcesBuildPhase section */

/* Begin PBXTargetDependency section */
		04B334EF1B5F50A600DB8879 /* PBXTargetDependency */ = {
			isa = PBXTargetDependency;
			target = 04B334C71B5F50A500DB8879 /* IOS_OpengGL_Test2 */;
			targetProxy = 04B334EE1B5F50A600DB8879 /* PBXContainerItemProxy */;
		};
/* End PBXTargetDependency section */

/* Begin PBXVariantGroup section */
		04B334D41B5F50A500DB8879 /* InfoPlist.strings */ = {
			isa = PBXVariantGroup;
			children = (
				04B334D51B5F50A500DB8879 /* en */,
			);
			name = InfoPlist.strings;
			sourceTree = "<group>";
		};
		04B334F31B5F50A600DB8879 /* InfoPlist.strings */ = {
			isa = PBXVariantGroup;
			children = (
				04B334F41B5F50A600DB8879 /* en */,
			);
			name = InfoPlist.strings;
			sourceTree = "<group>";
		};
/* End PBXVariantGroup section */

/* Begin XCBuildConfiguration section */
		04B334F81B5F50A600DB8879 /* Debug */ = {
			isa = XCBuildConfiguration;
			buildSettings = {
				ALWAYS_SEARCH_USER_PATHS = NO;
				CLANG_CXX_LANGUAGE_STANDARD = "gnu++0x";
				CLANG_CXX_LIBRARY = "libc++";
				CLANG_ENABLE_MODULES = YES;
				CLANG_ENABLE_OBJC_ARC = YES;
				CLANG_WARN_BOOL_CONVERSION = YES;
				CLANG_WARN_CONSTANT_CONVERSION = YES;
				CLANG_WARN_DIRECT_OBJC_ISA_USAGE = YES_ERROR;
				CLANG_WARN_EMPTY_BODY = YES;
				CLANG_WARN_ENUM_CONVERSION = YES;
				CLANG_WARN_INT_CONVERSION = YES;
				CLANG_WARN_OBJC_ROOT_CLASS = YES_ERROR;
				CLANG_WARN__DUPLICATE_METHOD_MATCH = YES;
				"CODE_SIGN_IDENTITY[sdk=iphoneos*]" = "iPhone Developer";
				COPY_PHASE_STRIP = NO;
				GCC_C_LANGUAGE_STANDARD = gnu99;
				GCC_DYNAMIC_NO_PIC = NO;
				GCC_OPTIMIZATION_LEVEL = 0;
				GCC_PREPROCESSOR_DEFINITIONS = (
					"DEBUG=1",
					"$(inherited)",
				);
				GCC_SYMBOLS_PRIVATE_EXTERN = NO;
				GCC_WARN_64_TO_32_BIT_CONVERSION = YES;
				GCC_WARN_ABOUT_RETURN_TYPE = YES_ERROR;
				GCC_WARN_UNDECLARED_SELECTOR = YES;
				GCC_WARN_UNINITIALIZED_AUTOS = YES_AGGRESSIVE;
				GCC_WARN_UNUSED_FUNCTION = YES;
				GCC_WARN_UNUSED_VARIABLE = YES;
				IPHONEOS_DEPLOYMENT_TARGET = 7.1;
				ONLY_ACTIVE_ARCH = YES;
				SDKROOT = iphoneos;
			};
			name = Debug;
		};
		04B334F91B5F50A600DB8879 /* Release */ = {
			isa = XCBuildConfiguration;
			buildSettings = {
				ALWAYS_SEARCH_USER_PATHS = NO;
				CLANG_CXX_LANGUAGE_STANDARD = "gnu++0x";
				CLANG_CXX_LIBRARY = "libc++";
				CLANG_ENABLE_MODULES = YES;
				CLANG_ENABLE_OBJC_ARC = YES;
				CLANG_WARN_BOOL_CONVERSION = YES;
				CLANG_WARN_CONSTANT_CONVERSION = YES;
				CLANG_WARN_DIRECT_OBJC_ISA_USAGE = YES_ERROR;
				CLANG_WARN_EMPTY_BODY = YES;
				CLANG_WARN_ENUM_CONVERSION = YES;
				CLANG_WARN_INT_CONVERSION = YES;
				CLANG_WARN_OBJC_ROOT_CLASS = YES_ERROR;
				CLANG_WARN__DUPLICATE_METHOD_MATCH = YES;
				"CODE_SIGN_IDENTITY[sdk=iphoneos*]" = "iPhone Developer";
				COPY_PHASE_STRIP = YES;
				ENABLE_NS_ASSERTIONS = NO;
				GCC_C_LANGUAGE_STANDARD = gnu99;
				GCC_WARN_64_TO_32_BIT_CONVERSION = YES;
				GCC_WARN_ABOUT_RETURN_TYPE = YES_ERROR;
				GCC_WARN_UNDECLARED_SELECTOR = YES;
				GCC_WARN_UNINITIALIZED_AUTOS = YES_AGGRESSIVE;
				GCC_WARN_UNUSED_FUNCTION = YES;
				GCC_WARN_UNUSED_VARIABLE = YES;
				IPHONEOS_DEPLOYMENT_TARGET = 7.1;
				SDKROOT = iphoneos;
				VALIDATE_PRODUCT = YES;
			};
			name = Release;
		};
		04B334FB1B5F50A600DB8879 /* Debug */ = {
			isa = XCBuildConfiguration;
			buildSettings = {
				ASSETCATALOG_COMPILER_APPICON_NAME = AppIcon;
				ASSETCATALOG_COMPILER_LAUNCHIMAGE_NAME = LaunchImage;
				GCC_PRECOMPILE_PREFIX_HEADER = YES;
				GCC_PREFIX_HEADER = "IOS_OpengGL_Test2/IOS_OpengGL_Test2-Prefix.pch";
				INFOPLIST_FILE = "IOS_OpengGL_Test2/IOS_OpengGL_Test2-Info.plist";
				PRODUCT_NAME = "$(TARGET_NAME)";
				WRAPPER_EXTENSION = app;
			};
			name = Debug;
		};
		04B334FC1B5F50A600DB8879 /* Release */ = {
			isa = XCBuildConfiguration;
			buildSettings = {
				ASSETCATALOG_COMPILER_APPICON_NAME = AppIcon;
				ASSETCATALOG_COMPILER_LAUNCHIMAGE_NAME = LaunchImage;
				GCC_PRECOMPILE_PREFIX_HEADER = YES;
				GCC_PREFIX_HEADER = "IOS_OpengGL_Test2/IOS_OpengGL_Test2-Prefix.pch";
				INFOPLIST_FILE = "IOS_OpengGL_Test2/IOS_OpengGL_Test2-Info.plist";
				PRODUCT_NAME = "$(TARGET_NAME)";
				WRAPPER_EXTENSION = app;
			};
			name = Release;
		};
		04B334FE1B5F50A600DB8879 /* Debug */ = {
			isa = XCBuildConfiguration;
			buildSettings = {
				BUNDLE_LOADER = "$(BUILT_PRODUCTS_DIR)/IOS_OpengGL_Test2.app/IOS_OpengGL_Test2";
				FRAMEWORK_SEARCH_PATHS = (
					"$(SDKROOT)/Developer/Library/Frameworks",
					"$(inherited)",
					"$(DEVELOPER_FRAMEWORKS_DIR)",
				);
				GCC_PRECOMPILE_PREFIX_HEADER = YES;
				GCC_PREFIX_HEADER = "IOS_OpengGL_Test2/IOS_OpengGL_Test2-Prefix.pch";
				GCC_PREPROCESSOR_DEFINITIONS = (
					"DEBUG=1",
					"$(inherited)",
				);
				INFOPLIST_FILE = "IOS_OpengGL_Test2Tests/IOS_OpengGL_Test2Tests-Info.plist";
				PRODUCT_NAME = "$(TARGET_NAME)";
				TEST_HOST = "$(BUNDLE_LOADER)";
				WRAPPER_EXTENSION = xctest;
			};
			name = Debug;
		};
		04B334FF1B5F50A600DB8879 /* Release */ = {
			isa = XCBuildConfiguration;
			buildSettings = {
				BUNDLE_LOADER = "$(BUILT_PRODUCTS_DIR)/IOS_OpengGL_Test2.app/IOS_OpengGL_Test2";
				FRAMEWORK_SEARCH_PATHS = (
					"$(SDKROOT)/Developer/Library/Frameworks",
					"$(inherited)",
					"$(DEVELOPER_FRAMEWORKS_DIR)",
				);
				GCC_PRECOMPILE_PREFIX_HEADER = YES;
				GCC_PREFIX_HEADER = "IOS_OpengGL_Test2/IOS_OpengGL_Test2-Prefix.pch";
				INFOPLIST_FILE = "IOS_OpengGL_Test2Tests/IOS_OpengGL_Test2Tests-Info.plist";
				PRODUCT_NAME = "$(TARGET_NAME)";
				TEST_HOST = "$(BUNDLE_LOADER)";
				WRAPPER_EXTENSION = xctest;
			};
			name = Release;
		};
/* End XCBuildConfiguration section */

/* Begin XCConfigurationList section */
		04B334C31B5F50A500DB8879 /* Build configuration list for PBXProject "IOS_OpengGL_Test2" */ = {
			isa = XCConfigurationList;
			buildConfigurations = (
				04B334F81B5F50A600DB8879 /* Debug */,
				04B334F91B5F50A600DB8879 /* Release */,
			);
			defaultConfigurationIsVisible = 0;
			defaultConfigurationName = Release;
		};
		04B334FA1B5F50A600DB8879 /* Build configuration list for PBXNativeTarget "IOS_OpengGL_Test2" */ = {
			isa = XCConfigurationList;
			buildConfigurations = (
				04B334FB1B5F50A600DB8879 /* Debug */,
				04B334FC1B5F50A600DB8879 /* Release */,
			);
			defaultConfigurationIsVisible = 0;
			defaultConfigurationName = Release;
		};
		04B334FD1B5F50A600DB8879 /* Build configuration list for PBXNativeTarget "IOS_OpengGL_Test2Tests" */ = {
			isa = XCConfigurationList;
			buildConfigurations = (
				04B334FE1B5F50A600DB8879 /* Debug */,
				04B334FF1B5F50A600DB8879 /* Release */,
			);
			defaultConfigurationIsVisible = 0;
			defaultConfigurationName = Release;
		};
/* End XCConfigurationList section */
	};
	rootObject = 04B334C01B5F50A400DB8879 /* Project object */;
}
